
Microsoft Visual Studio Solution File, Format Version 12.00
# Visual Studio Version 17
VisualStudioVersion = 17.0.31919.166
MinimumVisualStudioVersion = 10.0.40219.1
Project("{FAE04EC0-301F-11D3-BF4B-00C04F79EFBC}") = "Idea.Android", "Idea\Idea.Android\Idea.Android.csproj", "{F68459DE-A0ED-4B37-8E32-5BB5A518A2A0}"
EndProject
Project("{FAE04EC0-301F-11D3-BF4B-00C04F79EFBC}") = "Idea.iOS", "Idea\Idea.iOS\Idea.iOS.csproj", "{D07A842E-30BE-4697-AE12-3E6887C88F65}"
EndProject
Project("{FAE04EC0-301F-11D3-BF4B-00C04F79EFBC}") = "Idea", "Idea\Idea\Idea.csproj", "{5440A0B0-9F02-4831-B2EF-984038CE360C}"
EndProject
Global
	GlobalSection(SolutionConfigurationPlatforms) = preSolution
		Debug|Any CPU = Debug|Any CPU
		Debug|iPhone = Debug|iPhone
		Debug|iPhoneSimulator = Debug|iPhoneSimulator
		Release|Any CPU = Release|Any CPU
		Release|iPhone = Release|iPhone
		Release|iPhoneSimulator = Release|iPhoneSimulator
	EndGlobalSection
	GlobalSection(ProjectConfigurationPlatforms) = postSolution
		{F68459DE-A0ED-4B37-8E32-5BB5A518A2A0}.Debug|Any CPU.ActiveCfg = Debug|Any CPU
		{F68459DE-A0ED-4B37-8E32-5BB5A518A2A0}.Debug|Any CPU.Build.0 = Debug|Any CPU
		{F68459DE-A0ED-4B37-8E32-5BB5A518A2A0}.Debug|Any CPU.Deploy.0 = Debug|Any CPU
		{F68459DE-A0ED-4B37-8E32-5BB5A518A2A0}.Debug|iPhone.ActiveCfg = Debug|Any CPU
		{F68459DE-A0ED-4B37-8E32-5BB5A518A2A0}.Debug|iPhone.Build.0 = Debug|Any CPU
		{F68459DE-A0ED-4B37-8E32-5BB5A518A2A0}.Debug|iPhone.Deploy.0 = Debug|Any CPU
		{F68459DE-A0ED-4B37-8E32-5BB5A518A2A0}.Debug|iPhoneSimulator.ActiveCfg = Debug|Any CPU
		{F68459DE-A0ED-4B37-8E32-5BB5A518A2A0}.Debug|iPhoneSimulator.Build.0 = Debug|Any CPU
		{F68459DE-A0ED-4B37-8E32-5BB5A518A2A0}.Debug|iPhoneSimulator.Deploy.0 = Debug|Any CPU
		{F68459DE-A0ED-4B37-8E32-5BB5A518A2A0}.Release|Any CPU.ActiveCfg = Release|Any CPU
		{F68459DE-A0ED-4B37-8E32-5BB5A518A2A0}.Release|Any CPU.Build.0 = Release|Any CPU
		{F68459DE-A0ED-4B37-8E32-5BB5A518A2A0}.Release|Any CPU.Deploy.0 = Release|Any CPU
		{F68459DE-A0ED-4B37-8E32-5BB5A518A2A0}.Release|iPhone.ActiveCfg = Release|Any CPU
		{F68459DE-A0ED-4B37-8E32-5BB5A518A2A0}.Release|iPhone.Build.0 = Release|Any CPU
		{F68459DE-A0ED-4B37-8E32-5BB5A518A2A0}.Release|iPhone.Deploy.0 = Release|Any CPU
		{F68459DE-A0ED-4B37-8E32-5BB5A518A2A0}.Release|iPhoneSimulator.ActiveCfg = Release|Any CPU
		{F68459DE-A0ED-4B37-8E32-5BB5A518A2A0}.Release|iPhoneSimulator.Build.0 = Release|Any CPU
		{F68459DE-A0ED-4B37-8E32-5BB5A518A2A0}.Release|iPhoneSimulator.Deploy.0 = Release|Any CPU
		{D07A842E-30BE-4697-AE12-3E6887C88F65}.Debug|Any CPU.ActiveCfg = Debug|iPhone
		{D07A842E-30BE-4697-AE12-3E6887C88F65}.Debug|Any CPU.Build.0 = Debug|iPhone
		{D07A842E-30BE-4697-AE12-3E6887C88F65}.Debug|Any CPU.Deploy.0 = Debug|iPhone
		{D07A842E-30BE-4697-AE12-3E6887C88F65}.Debug|iPhone.ActiveCfg = Debug|iPhone
		{D07A842E-30BE-4697-AE12-3E6887C88F65}.Debug|iPhone.Build.0 = Debug|iPhone
		{D07A842E-30BE-4697-AE12-3E6887C88F65}.Debug|iPhone.Deploy.0 = Debug|iPhone
		{D07A842E-30BE-4697-AE12-3E6887C88F65}.Debug|iPhoneSimulator.ActiveCfg = Debug|iPhoneSimulator
		{D07A842E-30BE-4697-AE12-3E6887C88F65}.Debug|iPhoneSimulator.Build.0 = Debug|iPhoneSimulator
		{D07A842E-30BE-4697-AE12-3E6887C88F65}.Debug|iPhoneSimulator.Deploy.0 = Debug|iPhoneSimulator
		{D07A842E-30BE-4697-AE12-3E6887C88F65}.Release|Any CPU.ActiveCfg = Release|iPhoneSimulator
		{D07A842E-30BE-4697-AE12-3E6887C88F65}.Release|Any CPU.Build.0 = Release|iPhoneSimulator
		{D07A842E-30BE-4697-AE12-3E6887C88F65}.Release|Any CPU.Deploy.0 = Release|iPhoneSimulator
		{D07A842E-30BE-4697-AE12-3E6887C88F65}.Release|iPhone.ActiveCfg = Release|iPhone
		{D07A842E-30BE-4697-AE12-3E6887C88F65}.Release|iPhone.Build.0 = Release|iPhone
		{D07A842E-30BE-4697-AE12-3E6887C88F65}.Release|iPhone.Deploy.0 = Release|iPhone
		{D07A842E-30BE-4697-AE12-3E6887C88F65}.Release|iPhoneSimulator.ActiveCfg = Release|iPhoneSimulator
		{D07A842E-30BE-4697-AE12-3E6887C88F65}.Release|iPhoneSimulator.Build.0 = Release|iPhoneSimulator
		{D07A842E-30BE-4697-AE12-3E6887C88F65}.Release|iPhoneSimulator.Deploy.0 = Release|iPhoneSimulator
		{5440A0B0-9F02-4831-B2EF-984038CE360C}.Debug|Any CPU.ActiveCfg = Debug|Any CPU
		{5440A0B0-9F02-4831-B2EF-984038CE360C}.Debug|Any CPU.Build.0 = Debug|Any CPU
		{5440A0B0-9F02-4831-B2EF-984038CE360C}.Debug|Any CPU.Deploy.0 = Debug|Any CPU
		{5440A0B0-9F02-4831-B2EF-984038CE360C}.Debug|iPhone.ActiveCfg = Debug|Any CPU
		{5440A0B0-9F02-4831-B2EF-984038CE360C}.Debug|iPhone.Build.0 = Debug|Any CPU
		{5440A0B0-9F02-4831-B2EF-984038CE360C}.Debug|iPhone.Deploy.0 = Debug|Any CPU
		{5440A0B0-9F02-4831-B2EF-984038CE360C}.Debug|iPhoneSimulator.ActiveCfg = Debug|Any CPU
		{5440A0B0-9F02-4831-B2EF-984038CE360C}.Debug|iPhoneSimulator.Build.0 = Debug|Any CPU
		{5440A0B0-9F02-4831-B2EF-984038CE360C}.Debug|iPhoneSimulator.Deploy.0 = Debug|Any CPU
		{5440A0B0-9F02-4831-B2EF-984038CE360C}.Release|Any CPU.ActiveCfg = Release|Any CPU
		{5440A0B0-9F02-4831-B2EF-984038CE360C}.Release|Any CPU.Build.0 = Release|Any CPU
		{5440A0B0-9F02-4831-B2EF-984038CE360C}.Release|Any CPU.Deploy.0 = Release|Any CPU
		{5440A0B0-9F02-4831-B2EF-984038CE360C}.Release|iPhone.ActiveCfg = Release|Any CPU
		{5440A0B0-9F02-4831-B2EF-984038CE360C}.Release|iPhone.Build.0 = Release|Any CPU
		{5440A0B0-9F02-4831-B2EF-984038CE360C}.Release|iPhone.Deploy.0 = Release|Any CPU
		{5440A0B0-9F02-4831-B2EF-984038CE360C}.Release|iPhoneSimulator.ActiveCfg = Release|Any CPU
		{5440A0B0-9F02-4831-B2EF-984038CE360C}.Release|iPhoneSimulator.Build.0 = Release|Any CPU
		{5440A0B0-9F02-4831-B2EF-984038CE360C}.Release|iPhoneSimulator.Deploy.0 = Release|Any CPU
	EndGlobalSection
	GlobalSection(SolutionProperties) = preSolution
		HideSolutionNode = FALSE
	EndGlobalSection
	GlobalSection(ExtensibilityGlobals) = postSolution
		SolutionGuid = {83245CB4-DCBA-4FD6-ADE7-BC79C60D6462}
	EndGlobalSection
EndGlobal
