
Microsoft Visual Studio Solution File, Format Version 12.00
# Visual Studio Version 17
VisualStudioVersion = 17.0.31919.166
MinimumVisualStudioVersion = 10.0.40219.1
Project("{FAE04EC0-301F-11D3-BF4B-00C04F79EFBC}") = "IdeaWebApi", "IdeaWebApi\IdeaWebApi.csproj", "{2C502523-3166-4225-8FA0-F86E50F3D049}"
EndProject
Global
	GlobalSection(SolutionConfigurationPlatforms) = preSolution
		Debug|Any CPU = Debug|Any CPU
		Release|Any CPU = Release|Any CPU
	EndGlobalSection
	GlobalSection(ProjectConfigurationPlatforms) = postSolution
		{2C502523-3166-4225-8FA0-F86E50F3D049}.Debug|Any CPU.ActiveCfg = Debug|Any CPU
		{2C502523-3166-4225-8FA0-F86E50F3D049}.Debug|Any CPU.Build.0 = Debug|Any CPU
		{2C502523-3166-4225-8FA0-F86E50F3D049}.Release|Any CPU.ActiveCfg = Release|Any CPU
		{2C502523-3166-4225-8FA0-F86E50F3D049}.Release|Any CPU.Build.0 = Release|Any CPU
	EndGlobalSection
	GlobalSection(SolutionProperties) = preSolution
		HideSolutionNode = FALSE
	EndGlobalSection
	GlobalSection(ExtensibilityGlobals) = postSolution
		SolutionGuid = {228D3A2B-4F67-4CCA-8102-F69DEABAB8EC}
	EndGlobalSection
EndGlobal
